
Microsoft Visual Studio Solution File, Format Version 12.00
# Visual Studio Version 17
VisualStudioVersion = 17.3.32922.545
MinimumVisualStudioVersion = 10.0.40219.1
Project("{9A19103F-16F7-4668-BE54-9A1E7A4F7556}") = "ProGearRentals", "ProGearRentals\ProGearRentals.csproj", "{4C3F60D7-B3A0-4D55-AA84-B35CB69112D5}"
EndProject
Project("{FAE04EC0-301F-11D3-BF4B-00C04F79EFBC}") = "ProGearRentals.Core", "ProGearRentals.Core\ProGearRentals.Core.csproj", "{5999E17A-1B60-414C-9339-88C4E9A32C92}"
EndProject
Project("{FAE04EC0-301F-11D3-BF4B-00C04F79EFBC}") = "ProGearRentals.Infrastructure", "ProGearRentals.Infrastructure\ProGearRentals.Infrastructure.csproj", "{22044843-724F-4F52-86D8-3E07016D192D}"
EndProject
Global
	GlobalSection(SolutionConfigurationPlatforms) = preSolution
		Debug|Any CPU = Debug|Any CPU
		Release|Any CPU = Release|Any CPU
	EndGlobalSection
	GlobalSection(ProjectConfigurationPlatforms) = postSolution
		{4C3F60D7-B3A0-4D55-AA84-B35CB69112D5}.Debug|Any CPU.ActiveCfg = Debug|Any CPU
		{4C3F60D7-B3A0-4D55-AA84-B35CB69112D5}.Debug|Any CPU.Build.0 = Debug|Any CPU
		{4C3F60D7-B3A0-4D55-AA84-B35CB69112D5}.Release|Any CPU.ActiveCfg = Release|Any CPU
		{4C3F60D7-B3A0-4D55-AA84-B35CB69112D5}.Release|Any CPU.Build.0 = Release|Any CPU
		{5999E17A-1B60-414C-9339-88C4E9A32C92}.Debug|Any CPU.ActiveCfg = Debug|Any CPU
		{5999E17A-1B60-414C-9339-88C4E9A32C92}.Debug|Any CPU.Build.0 = Debug|Any CPU
		{5999E17A-1B60-414C-9339-88C4E9A32C92}.Release|Any CPU.ActiveCfg = Release|Any CPU
		{5999E17A-1B60-414C-9339-88C4E9A32C92}.Release|Any CPU.Build.0 = Release|Any CPU
		{22044843-724F-4F52-86D8-3E07016D192D}.Debug|Any CPU.ActiveCfg = Debug|Any CPU
		{22044843-724F-4F52-86D8-3E07016D192D}.Debug|Any CPU.Build.0 = Debug|Any CPU
		{22044843-724F-4F52-86D8-3E07016D192D}.Release|Any CPU.ActiveCfg = Release|Any CPU
		{22044843-724F-4F52-86D8-3E07016D192D}.Release|Any CPU.Build.0 = Release|Any CPU
	EndGlobalSection
	GlobalSection(SolutionProperties) = preSolution
		HideSolutionNode = FALSE
	EndGlobalSection
	GlobalSection(ExtensibilityGlobals) = postSolution
		SolutionGuid = {E234E967-9793-41BB-B9F7-831F8A6691C8}
	EndGlobalSection
EndGlobal
